
Microsoft Visual Studio Solution File, Format Version 12.00
# Visual Studio Version 16
VisualStudioVersion = 16.0.30711.63
MinimumVisualStudioVersion = 10.0.40219.1
Project("{FAE04EC0-301F-11D3-BF4B-00C04F79EFBC}") = "Library management system", "Library management system.csproj", "{B33B2C96-9EB4-457E-8010-FB9C200132E6}"
EndProject
Global
	GlobalSection(SolutionConfigurationPlatforms) = preSolution
		Debug|Any CPU = Debug|Any CPU
		Release|Any CPU = Release|Any CPU
	EndGlobalSection
	GlobalSection(ProjectConfigurationPlatforms) = postSolution
		{B33B2C96-9EB4-457E-8010-FB9C200132E6}.Debug|Any CPU.ActiveCfg = Debug|Any CPU
		{B33B2C96-9EB4-457E-8010-FB9C200132E6}.Debug|Any CPU.Build.0 = Debug|Any CPU
		{B33B2C96-9EB4-457E-8010-FB9C200132E6}.Release|Any CPU.ActiveCfg = Release|Any CPU
		{B33B2C96-9EB4-457E-8010-FB9C200132E6}.Release|Any CPU.Build.0 = Release|Any CPU
	EndGlobalSection
	GlobalSection(SolutionProperties) = preSolution
		HideSolutionNode = FALSE
	EndGlobalSection
	GlobalSection(ExtensibilityGlobals) = postSolution
		SolutionGuid = {FE65162E-4467-4658-A895-F98503BD8815}
	EndGlobalSection
EndGlobal
